<?xml version="1.0"?>
<CONFIG>
  <ProjectOptions>
    <Version Value="7"/>
    <General>
      <MainUnit Value="0"/>
      <TargetFileExt Value=""/>
      <Icon Value="0"/>
      <UseXPManifest Value="True"/>
      <ActiveEditorIndexAtStart Value="3"/>
    </General>
    <VersionInfo>
      <ProjectVersion Value=""/>
      <Language Value=""/>
      <CharSet Value=""/>
    </VersionInfo>
    <PublishOptions>
      <Version Value="2"/>
      <IgnoreBinaries Value="False"/>
      <IncludeFileFilter Value="*.(pas|pp|inc|lfm|lpr|lrs|lpi|lpk|sh|xml)"/>
      <ExcludeFileFilter Value="*.(bak|ppu|ppw|o|so);*~;backup"/>
    </PublishOptions>
    <RunParams>
      <local>
        <FormatVersion Value="1"/>
        <LaunchingApplication PathPlusParams="/usr/X11R6/bin/xterm -T 'Lazarus Run Output' -e $(LazarusDir)/tools/runwait.sh $(TargetCmdLine)"/>
      </local>
    </RunParams>
    <RequiredPackages Count="1">
      <Item1>
        <PackageName Value="LCL"/>
      </Item1>
    </RequiredPackages>
    <Units Count="15">
      <Unit0>
        <Filename Value="project1.lpr"/>
        <IsPartOfProject Value="True"/>
        <UnitName Value="project1"/>
        <CursorPos X="1" Y="15"/>
        <TopLine Value="1"/>
        <EditorIndex Value="1"/>
        <UsageCount Value="72"/>
        <Loaded Value="True"/>
      </Unit0>
      <Unit1>
        <Filename Value="unit1.pas"/>
        <IsPartOfProject Value="True"/>
        <ComponentName Value="Form1"/>
        <ResourceBaseClass Value="Form"/>
        <UnitName Value="Unit1"/>
        <CursorPos X="33" Y="1"/>
        <TopLine Value="1"/>
        <EditorIndex Value="5"/>
        <UsageCount Value="72"/>
        <Loaded Value="True"/>
      </Unit1>
      <Unit2>
        <Filename Value="robot.pas"/>
        <IsPartOfProject Value="True"/>
        <UnitName Value="robot"/>
        <CursorPos X="8" Y="437"/>
        <TopLine Value="418"/>
        <EditorIndex Value="0"/>
        <UsageCount Value="72"/>
        <Loaded Value="True"/>
      </Unit2>
      <Unit3>
        <Filename Value="../../usr/share/lazarus/lcl/grids.pas"/>
        <UnitName Value="Grids"/>
        <CursorPos X="1" Y="7384"/>
        <TopLine Value="7369"/>
        <UsageCount Value="5"/>
      </Unit3>
      <Unit4>
        <Filename Value="../../usr/share/lazarus/lcl/dynamicarray.pas"/>
        <UnitName Value="DynamicArray"/>
        <CursorPos X="1" Y="69"/>
        <TopLine Value="54"/>
        <UsageCount Value="5"/>
      </Unit4>
      <Unit5>
        <Filename Value="conv.pas"/>
        <IsPartOfProject Value="True"/>
        <UnitName Value="conv"/>
        <CursorPos X="1" Y="19"/>
        <TopLine Value="1"/>
        <EditorIndex Value="2"/>
        <UsageCount Value="72"/>
        <Loaded Value="True"/>
      </Unit5>
      <Unit6>
        <Filename Value="matrix.pas"/>
        <IsPartOfProject Value="True"/>
        <UnitName Value="matrix"/>
        <CursorPos X="1" Y="27"/>
        <TopLine Value="13"/>
        <EditorIndex Value="3"/>
        <UsageCount Value="72"/>
        <Loaded Value="True"/>
      </Unit6>
      <Unit7>
        <Filename Value="emuavrmmccardlib.pas"/>
        <IsPartOfProject Value="True"/>
        <UnitName Value="EmuAvrMmcCardLib"/>
        <CursorPos X="6" Y="86"/>
        <TopLine Value="68"/>
        <EditorIndex Value="4"/>
        <UsageCount Value="72"/>
        <Loaded Value="True"/>
      </Unit7>
      <Unit8>
        <Filename Value="../../usr/share/lazarus/lcl/include/control.inc"/>
        <CursorPos X="1" Y="1594"/>
        <TopLine Value="1571"/>
        <UsageCount Value="8"/>
      </Unit8>
      <Unit9>
        <Filename Value="../../usr/share/lazarus/lcl/include/buttoncontrol.inc"/>
        <CursorPos X="1" Y="27"/>
        <TopLine Value="4"/>
        <UsageCount Value="8"/>
      </Unit9>
      <Unit10>
        <Filename Value="../../usr/share/lazarus/lcl/include/buttons.inc"/>
        <CursorPos X="1" Y="332"/>
        <TopLine Value="291"/>
        <UsageCount Value="8"/>
      </Unit10>
      <Unit11>
        <Filename Value="../../usr/share/lazarus/lcl/include/wincontrol.inc"/>
        <CursorPos X="1" Y="4921"/>
        <TopLine Value="4898"/>
        <UsageCount Value="8"/>
      </Unit11>
      <Unit12>
        <Filename Value="../../usr/share/lazarus/lcl/lclmessageglue.pas"/>
        <UnitName Value="LCLMessageGlue"/>
        <CursorPos X="1" Y="121"/>
        <TopLine Value="98"/>
        <UsageCount Value="8"/>
      </Unit12>
      <Unit13>
        <Filename Value="../../usr/share/lazarus/lcl/lclclasses.pp"/>
        <UnitName Value="LCLClasses"/>
        <CursorPos X="1" Y="146"/>
        <TopLine Value="123"/>
        <UsageCount Value="8"/>
      </Unit13>
      <Unit14>
        <Filename Value="../../usr/share/lazarus/lcl/interfaces/gtk2/gtk2wsstdctrls.pp"/>
        <UnitName Value="Gtk2WSStdCtrls"/>
        <CursorPos X="60" Y="1839"/>
        <TopLine Value="1831"/>
        <UsageCount Value="8"/>
      </Unit14>
    </Units>
    <JumpHistory Count="30" HistoryIndex="29">
      <Position1>
        <Filename Value="robot.pas"/>
        <Caret Line="108" Column="1" TopLine="91"/>
      </Position1>
      <Position2>
        <Filename Value="robot.pas"/>
        <Caret Line="110" Column="1" TopLine="93"/>
      </Position2>
      <Position3>
        <Filename Value="robot.pas"/>
        <Caret Line="111" Column="1" TopLine="94"/>
      </Position3>
      <Position4>
        <Filename Value="robot.pas"/>
        <Caret Line="112" Column="1" TopLine="95"/>
      </Position4>
      <Position5>
        <Filename Value="robot.pas"/>
        <Caret Line="113" Column="1" TopLine="96"/>
      </Position5>
      <Position6>
        <Filename Value="robot.pas"/>
        <Caret Line="110" Column="1" TopLine="93"/>
      </Position6>
      <Position7>
        <Filename Value="robot.pas"/>
        <Caret Line="111" Column="1" TopLine="94"/>
      </Position7>
      <Position8>
        <Filename Value="robot.pas"/>
        <Caret Line="112" Column="1" TopLine="95"/>
      </Position8>
      <Position9>
        <Filename Value="robot.pas"/>
        <Caret Line="113" Column="1" TopLine="96"/>
      </Position9>
      <Position10>
        <Filename Value="robot.pas"/>
        <Caret Line="110" Column="1" TopLine="93"/>
      </Position10>
      <Position11>
        <Filename Value="robot.pas"/>
        <Caret Line="111" Column="1" TopLine="94"/>
      </Position11>
      <Position12>
        <Filename Value="robot.pas"/>
        <Caret Line="112" Column="1" TopLine="95"/>
      </Position12>
      <Position13>
        <Filename Value="robot.pas"/>
        <Caret Line="113" Column="1" TopLine="96"/>
      </Position13>
      <Position14>
        <Filename Value="robot.pas"/>
        <Caret Line="122" Column="1" TopLine="105"/>
      </Position14>
      <Position15>
        <Filename Value="robot.pas"/>
        <Caret Line="86" Column="1" TopLine="69"/>
      </Position15>
      <Position16>
        <Filename Value="robot.pas"/>
        <Caret Line="87" Column="1" TopLine="70"/>
      </Position16>
      <Position17>
        <Filename Value="robot.pas"/>
        <Caret Line="196" Column="29" TopLine="162"/>
      </Position17>
      <Position18>
        <Filename Value="robot.pas"/>
        <Caret Line="11" Column="19" TopLine="8"/>
      </Position18>
      <Position19>
        <Filename Value="matrix.pas"/>
        <Caret Line="46" Column="2" TopLine="29"/>
      </Position19>
      <Position20>
        <Filename Value="matrix.pas"/>
        <Caret Line="44" Column="1" TopLine="27"/>
      </Position20>
      <Position21>
        <Filename Value="matrix.pas"/>
        <Caret Line="45" Column="1" TopLine="28"/>
      </Position21>
      <Position22>
        <Filename Value="matrix.pas"/>
        <Caret Line="22" Column="30" TopLine="1"/>
      </Position22>
      <Position23>
        <Filename Value="matrix.pas"/>
        <Caret Line="44" Column="1" TopLine="27"/>
      </Position23>
      <Position24>
        <Filename Value="matrix.pas"/>
        <Caret Line="45" Column="1" TopLine="28"/>
      </Position24>
      <Position25>
        <Filename Value="matrix.pas"/>
        <Caret Line="30" Column="13" TopLine="13"/>
      </Position25>
      <Position26>
        <Filename Value="matrix.pas"/>
        <Caret Line="49" Column="14" TopLine="17"/>
      </Position26>
      <Position27>
        <Filename Value="emuavrmmccardlib.pas"/>
        <Caret Line="48" Column="13" TopLine="36"/>
      </Position27>
      <Position28>
        <Filename Value="robot.pas"/>
        <Caret Line="60" Column="41" TopLine="35"/>
      </Position28>
      <Position29>
        <Filename Value="robot.pas"/>
        <Caret Line="239" Column="41" TopLine="239"/>
      </Position29>
      <Position30>
        <Filename Value="robot.pas"/>
        <Caret Line="323" Column="49" TopLine="1"/>
      </Position30>
    </JumpHistory>
  </ProjectOptions>
  <CompilerOptions>
    <Version Value="8"/>
    <SearchPaths>
      <IncludeFiles Value="$(ProjOutDir)/"/>
    </SearchPaths>
    <Linking>
      <Debugging>
        <GenerateDebugInfo Value="True"/>
      </Debugging>
      <Options>
        <Win32>
          <GraphicApplication Value="True"/>
        </Win32>
      </Options>
    </Linking>
    <Other>
      <CompilerPath Value="$(CompPath)"/>
    </Other>
  </CompilerOptions>
  <Debugging>
    <Exceptions Count="3">
      <Item1>
        <Name Value="EAbort"/>
      </Item1>
      <Item2>
        <Name Value="ECodetoolError"/>
      </Item2>
      <Item3>
        <Name Value="EFOpenError"/>
      </Item3>
    </Exceptions>
  </Debugging>
</CONFIG>
